
Microsoft Visual Studio Solution File, Format Version 12.00
# Visual Studio 2012
Project("{FAE04EC0-301F-11D3-BF4B-00C04F79EFBC}") = "50EfficientWay", "50EfficientWay\50EfficientWay.csproj", "{C6903723-5988-46D1-94AF-779C9994403D}"
EndProject
Project("{FAE04EC0-301F-11D3-BF4B-00C04F79EFBC}") = "ConsoleApplication", "ConsoleApplication\ConsoleApplication.csproj", "{CC8E8124-5CF8-45E8-9CFF-F70F22E6E375}"
EndProject
Global
	GlobalSection(SolutionConfigurationPlatforms) = preSolution
		Debug|Any CPU = Debug|Any CPU
		Release|Any CPU = Release|Any CPU
	EndGlobalSection
	GlobalSection(ProjectConfigurationPlatforms) = postSolution
		{C6903723-5988-46D1-94AF-779C9994403D}.Debug|Any CPU.ActiveCfg = Debug|Any CPU
		{C6903723-5988-46D1-94AF-779C9994403D}.Debug|Any CPU.Build.0 = Debug|Any CPU
		{C6903723-5988-46D1-94AF-779C9994403D}.Release|Any CPU.ActiveCfg = Release|Any CPU
		{C6903723-5988-46D1-94AF-779C9994403D}.Release|Any CPU.Build.0 = Release|Any CPU
		{CC8E8124-5CF8-45E8-9CFF-F70F22E6E375}.Debug|Any CPU.ActiveCfg = Debug|Any CPU
		{CC8E8124-5CF8-45E8-9CFF-F70F22E6E375}.Debug|Any CPU.Build.0 = Debug|Any CPU
		{CC8E8124-5CF8-45E8-9CFF-F70F22E6E375}.Release|Any CPU.ActiveCfg = Release|Any CPU
		{CC8E8124-5CF8-45E8-9CFF-F70F22E6E375}.Release|Any CPU.Build.0 = Release|Any CPU
	EndGlobalSection
	GlobalSection(SolutionProperties) = preSolution
		HideSolutionNode = FALSE
	EndGlobalSection
EndGlobal
